
Microsoft Visual Studio Solution File, Format Version 12.00
Project("{FAE04EC0-301F-11D3-BF4B-00C04F79EFBC}") = "AmbienteDeTestes", "AmbienteDeTestes.csproj", "{76E8EF3E-AABC-4568-B364-AECE6CF7859B}"
EndProject
Global
	GlobalSection(SolutionConfigurationPlatforms) = preSolution
		Debug|Any CPU = Debug|Any CPU
		Release|Any CPU = Release|Any CPU
	EndGlobalSection
	GlobalSection(ProjectConfigurationPlatforms) = postSolution
		{76E8EF3E-AABC-4568-B364-AECE6CF7859B}.Debug|Any CPU.ActiveCfg = Debug|Any CPU
		{76E8EF3E-AABC-4568-B364-AECE6CF7859B}.Debug|Any CPU.Build.0 = Debug|Any CPU
		{76E8EF3E-AABC-4568-B364-AECE6CF7859B}.Release|Any CPU.ActiveCfg = Release|Any CPU
		{76E8EF3E-AABC-4568-B364-AECE6CF7859B}.Release|Any CPU.Build.0 = Release|Any CPU
	EndGlobalSection
EndGlobal
